
Microsoft Visual Studio Solution File, Format Version 12.00
# Visual Studio Version 17
VisualStudioVersion = 17.9.34622.214
MinimumVisualStudioVersion = 10.0.40219.1
Project("{FAE04EC0-301F-11D3-BF4B-00C04F79EFBC}") = "Api_Scratch", "FromScratch\Api_Scratch.csproj", "{9A87C357-4D45-49B2-A01E-3FDF28662DEB}"
EndProject
Project("{FAE04EC0-301F-11D3-BF4B-00C04F79EFBC}") = "Domain", "Domain\Domain.csproj", "{BFD7BAFB-AE0F-4FFB-B156-2DE6DE510D72}"
EndProject
Project("{FAE04EC0-301F-11D3-BF4B-00C04F79EFBC}") = "Application", "Application\Application.csproj", "{6A1ED948-C62B-49DC-928F-CBB007A47B89}"
EndProject
Project("{FAE04EC0-301F-11D3-BF4B-00C04F79EFBC}") = "Infrastructure", "Infrastructure\Infrastructure.csproj", "{B3A66130-660D-47CD-9248-F42CF15BC508}"
EndProject
Global
	GlobalSection(SolutionConfigurationPlatforms) = preSolution
		Debug|Any CPU = Debug|Any CPU
		Release|Any CPU = Release|Any CPU
	EndGlobalSection
	GlobalSection(ProjectConfigurationPlatforms) = postSolution
		{9A87C357-4D45-49B2-A01E-3FDF28662DEB}.Debug|Any CPU.ActiveCfg = Debug|Any CPU
		{9A87C357-4D45-49B2-A01E-3FDF28662DEB}.Debug|Any CPU.Build.0 = Debug|Any CPU
		{9A87C357-4D45-49B2-A01E-3FDF28662DEB}.Release|Any CPU.ActiveCfg = Release|Any CPU
		{9A87C357-4D45-49B2-A01E-3FDF28662DEB}.Release|Any CPU.Build.0 = Release|Any CPU
		{BFD7BAFB-AE0F-4FFB-B156-2DE6DE510D72}.Debug|Any CPU.ActiveCfg = Debug|Any CPU
		{BFD7BAFB-AE0F-4FFB-B156-2DE6DE510D72}.Debug|Any CPU.Build.0 = Debug|Any CPU
		{BFD7BAFB-AE0F-4FFB-B156-2DE6DE510D72}.Release|Any CPU.ActiveCfg = Release|Any CPU
		{BFD7BAFB-AE0F-4FFB-B156-2DE6DE510D72}.Release|Any CPU.Build.0 = Release|Any CPU
		{6A1ED948-C62B-49DC-928F-CBB007A47B89}.Debug|Any CPU.ActiveCfg = Debug|Any CPU
		{6A1ED948-C62B-49DC-928F-CBB007A47B89}.Debug|Any CPU.Build.0 = Debug|Any CPU
		{6A1ED948-C62B-49DC-928F-CBB007A47B89}.Release|Any CPU.ActiveCfg = Release|Any CPU
		{6A1ED948-C62B-49DC-928F-CBB007A47B89}.Release|Any CPU.Build.0 = Release|Any CPU
		{B3A66130-660D-47CD-9248-F42CF15BC508}.Debug|Any CPU.ActiveCfg = Debug|Any CPU
		{B3A66130-660D-47CD-9248-F42CF15BC508}.Debug|Any CPU.Build.0 = Debug|Any CPU
		{B3A66130-660D-47CD-9248-F42CF15BC508}.Release|Any CPU.ActiveCfg = Release|Any CPU
		{B3A66130-660D-47CD-9248-F42CF15BC508}.Release|Any CPU.Build.0 = Release|Any CPU
	EndGlobalSection
	GlobalSection(SolutionProperties) = preSolution
		HideSolutionNode = FALSE
	EndGlobalSection
	GlobalSection(ExtensibilityGlobals) = postSolution
		SolutionGuid = {030A0FA9-6075-4013-9EFE-C8523E7D9C9E}
	EndGlobalSection
EndGlobal
